
Microsoft Visual Studio Solution File, Format Version 12.00
# Visual Studio Version 16
VisualStudioVersion = 16.0.31727.386
MinimumVisualStudioVersion = 10.0.40219.1
Project("{FAE04EC0-301F-11D3-BF4B-00C04F79EFBC}") = "WebApplication1", "WebApplication1.csproj", "{FE25A86A-5A76-450C-A949-C4924E4883CF}"
EndProject
Global
	GlobalSection(SolutionConfigurationPlatforms) = preSolution
		Debug|Any CPU = Debug|Any CPU
		Release|Any CPU = Release|Any CPU
	EndGlobalSection
	GlobalSection(ProjectConfigurationPlatforms) = postSolution
		{FE25A86A-5A76-450C-A949-C4924E4883CF}.Debug|Any CPU.ActiveCfg = Debug|Any CPU
		{FE25A86A-5A76-450C-A949-C4924E4883CF}.Debug|Any CPU.Build.0 = Debug|Any CPU
		{FE25A86A-5A76-450C-A949-C4924E4883CF}.Release|Any CPU.ActiveCfg = Release|Any CPU
		{FE25A86A-5A76-450C-A949-C4924E4883CF}.Release|Any CPU.Build.0 = Release|Any CPU
	EndGlobalSection
	GlobalSection(SolutionProperties) = preSolution
		HideSolutionNode = FALSE
	EndGlobalSection
	GlobalSection(ExtensibilityGlobals) = postSolution
		SolutionGuid = {0DD04AF3-FA7C-4723-8D7F-B4E0D4DF04F6}
	EndGlobalSection
EndGlobal
